// !$*UTF8*$!
{
	archiveVersion = 1;
	classes = {
	};
	objectVersion = 50;
	objects = {

/* Begin PBXBuildFile section */
		04686FC926D58C05004C0CF7 /* AppDelegate.swift in Sources */ = {isa = PBXBuildFile; fileRef = 04686FC826D58C05004C0CF7 /* AppDelegate.swift */; };
		04686FCB26D58C05004C0CF7 /* SceneDelegate.swift in Sources */ = {isa = PBXBuildFile; fileRef = 04686FCA26D58C05004C0CF7 /* SceneDelegate.swift */; };
		04686FD026D58C05004C0CF7 /* Main.storyboard in Resources */ = {isa = PBXBuildFile; fileRef = 04686FCE26D58C05004C0CF7 /* Main.storyboard */; };
		04686FD226D58C05004C0CF7 /* Assets.xcassets in Resources */ = {isa = PBXBuildFile; fileRef = 04686FD126D58C05004C0CF7 /* Assets.xcassets */; };
		04686FD526D58C05004C0CF7 /* LaunchScreen.storyboard in Resources */ = {isa = PBXBuildFile; fileRef = 04686FD326D58C05004C0CF7 /* LaunchScreen.storyboard */; };
		04686FE026D58C06004C0CF7 /* pitch_perfectTests.swift in Sources */ = {isa = PBXBuildFile; fileRef = 04686FDF26D58C06004C0CF7 /* pitch_perfectTests.swift */; };
		04686FEB26D58C06004C0CF7 /* pitch_perfectUITests.swift in Sources */ = {isa = PBXBuildFile; fileRef = 04686FEA26D58C06004C0CF7 /* pitch_perfectUITests.swift */; };
		04686FFA26D58C83004C0CF7 /* SoundRecorderVC.swift in Sources */ = {isa = PBXBuildFile; fileRef = 04686FF926D58C83004C0CF7 /* SoundRecorderVC.swift */; };
/* End PBXBuildFile section */

/* Begin PBXContainerItemProxy section */
		04686FDC26D58C05004C0CF7 /* PBXContainerItemProxy */ = {
			isa = PBXContainerItemProxy;
			containerPortal = 04686FBD26D58C04004C0CF7 /* Project object */;
			proxyType = 1;
			remoteGlobalIDString = 04686FC426D58C05004C0CF7;
			remoteInfo = "pitch-perfect";
		};
		04686FE726D58C06004C0CF7 /* PBXContainerItemProxy */ = {
			isa = PBXContainerItemProxy;
			containerPortal = 04686FBD26D58C04004C0CF7 /* Project object */;
			proxyType = 1;
			remoteGlobalIDString = 04686FC426D58C05004C0CF7;
			remoteInfo = "pitch-perfect";
		};
/* End PBXContainerItemProxy section */

/* Begin PBXFileReference section */
		04686FC526D58C05004C0CF7 /* pitch-perfect.app */ = {isa = PBXFileReference; explicitFileType = wrapper.application; includeInIndex = 0; path = "pitch-perfect.app"; sourceTree = BUILT_PRODUCTS_DIR; };
		04686FC826D58C05004C0CF7 /* AppDelegate.swift */ = {isa = PBXFileReference; lastKnownFileType = sourcecode.swift; path = AppDelegate.swift; sourceTree = "<group>"; };
		04686FCA26D58C05004C0CF7 /* SceneDelegate.swift */ = {isa = PBXFileReference; lastKnownFileType = sourcecode.swift; path = SceneDelegate.swift; sourceTree = "<group>"; };
		04686FCF26D58C05004C0CF7 /* Base */ = {isa = PBXFileReference; lastKnownFileType = file.storyboard; name = Base; path = Base.lproj/Main.storyboard; sourceTree = "<group>"; };
		04686FD126D58C05004C0CF7 /* Assets.xcassets */ = {isa = PBXFileReference; lastKnownFileType = folder.assetcatalog; path = Assets.xcassets; sourceTree = "<group>"; };
		04686FD426D58C05004C0CF7 /* Base */ = {isa = PBXFileReference; lastKnownFileType = file.storyboard; name = Base; path = Base.lproj/LaunchScreen.storyboard; sourceTree = "<group>"; };
		04686FD626D58C05004C0CF7 /* Info.plist */ = {isa = PBXFileReference; lastKnownFileType = text.plist.xml; path = Info.plist; sourceTree = "<group>"; };
		04686FDB26D58C05004C0CF7 /* pitch-perfectTests.xctest */ = {isa = PBXFileReference; explicitFileType = wrapper.cfbundle; includeInIndex = 0; path = "pitch-perfectTests.xctest"; sourceTree = BUILT_PRODUCTS_DIR; };
		04686FDF26D58C06004C0CF7 /* pitch_perfectTests.swift */ = {isa = PBXFileReference; lastKnownFileType = sourcecode.swift; path = pitch_perfectTests.swift; sourceTree = "<group>"; };
		04686FE126D58C06004C0CF7 /* Info.plist */ = {isa = PBXFileReference; lastKnownFileType = text.plist.xml; path = Info.plist; sourceTree = "<group>"; };
		04686FE626D58C06004C0CF7 /* pitch-perfectUITests.xctest */ = {isa = PBXFileReference; explicitFileType = wrapper.cfbundle; includeInIndex = 0; path = "pitch-perfectUITests.xctest"; sourceTree = BUILT_PRODUCTS_DIR; };
		04686FEA26D58C06004C0CF7 /* pitch_perfectUITests.swift */ = {isa = PBXFileReference; lastKnownFileType = sourcecode.swift; path = pitch_perfectUITests.swift; sourceTree = "<group>"; };
		04686FEC26D58C06004C0CF7 /* Info.plist */ = {isa = PBXFileReference; lastKnownFileType = text.plist.xml; path = Info.plist; sourceTree = "<group>"; };
		04686FF926D58C83004C0CF7 /* SoundRecorderVC.swift */ = {isa = PBXFileReference; lastKnownFileType = sourcecode.swift; path = SoundRecorderVC.swift; sourceTree = "<group>"; };
/* End PBXFileReference section */

/* Begin PBXFrameworksBuildPhase section */
		04686FC226D58C05004C0CF7 /* Frameworks */ = {
			isa = PBXFrameworksBuildPhase;
			buildActionMask = 2147483647;
			files = (
			);
			runOnlyForDeploymentPostprocessing = 0;
		};
		04686FD826D58C05004C0CF7 /* Frameworks */ = {
			isa = PBXFrameworksBuildPhase;
			buildActionMask = 2147483647;
			files = (
			);
			runOnlyForDeploymentPostprocessing = 0;
		};
		04686FE326D58C06004C0CF7 /* Frameworks */ = {
			isa = PBXFrameworksBuildPhase;
			buildActionMask = 2147483647;
			files = (
			);
			runOnlyForDeploymentPostprocessing = 0;
		};
/* End PBXFrameworksBuildPhase section */

/* Begin PBXGroup section */
		04686FBC26D58C04004C0CF7 = {
			isa = PBXGroup;
			children = (
				04686FC726D58C05004C0CF7 /* pitch-perfect */,
				04686FDE26D58C06004C0CF7 /* pitch-perfectTests */,
				04686FE926D58C06004C0CF7 /* pitch-perfectUITests */,
				04686FC626D58C05004C0CF7 /* Products */,
			);
			sourceTree = "<group>";
		};
		04686FC626D58C05004C0CF7 /* Products */ = {
			isa = PBXGroup;
			children = (
				04686FC526D58C05004C0CF7 /* pitch-perfect.app */,
				04686FDB26D58C05004C0CF7 /* pitch-perfectTests.xctest */,
				04686FE626D58C06004C0CF7 /* pitch-perfectUITests.xctest */,
			);
			name = Products;
			sourceTree = "<group>";
		};
		04686FC726D58C05004C0CF7 /* pitch-perfect */ = {
			isa = PBXGroup;
			children = (
				04686FF826D58C57004C0CF7 /* controllers */,
				04686FC826D58C05004C0CF7 /* AppDelegate.swift */,
				04686FCA26D58C05004C0CF7 /* SceneDelegate.swift */,
				04686FCE26D58C05004C0CF7 /* Main.storyboard */,
				04686FD126D58C05004C0CF7 /* Assets.xcassets */,
				04686FD326D58C05004C0CF7 /* LaunchScreen.storyboard */,
				04686FD626D58C05004C0CF7 /* Info.plist */,
			);
			path = "pitch-perfect";
			sourceTree = "<group>";
		};
		04686FDE26D58C06004C0CF7 /* pitch-perfectTests */ = {
			isa = PBXGroup;
			children = (
				04686FDF26D58C06004C0CF7 /* pitch_perfectTests.swift */,
				04686FE126D58C06004C0CF7 /* Info.plist */,
			);
			path = "pitch-perfectTests";
			sourceTree = "<group>";
		};
		04686FE926D58C06004C0CF7 /* pitch-perfectUITests */ = {
			isa = PBXGroup;
			children = (
				04686FEA26D58C06004C0CF7 /* pitch_perfectUITests.swift */,
				04686FEC26D58C06004C0CF7 /* Info.plist */,
			);
			path = "pitch-perfectUITests";
			sourceTree = "<group>";
		};
		04686FF826D58C57004C0CF7 /* controllers */ = {
			isa = PBXGroup;
			children = (
				04686FF926D58C83004C0CF7 /* SoundRecorderVC.swift */,
			);
			path = controllers;
			sourceTree = "<group>";
		};
/* End PBXGroup section */

/* Begin PBXNativeTarget section */
		04686FC426D58C05004C0CF7 /* pitch-perfect */ = {
			isa = PBXNativeTarget;
			buildConfigurationList = 04686FEF26D58C06004C0CF7 /* Build configuration list for PBXNativeTarget "pitch-perfect" */;
			buildPhases = (
				04686FC126D58C05004C0CF7 /* Sources */,
				04686FC226D58C05004C0CF7 /* Frameworks */,
				04686FC326D58C05004C0CF7 /* Resources */,
			);
			buildRules = (
			);
			dependencies = (
			);
			name = "pitch-perfect";
			productName = "pitch-perfect";
			productReference = 04686FC526D58C05004C0CF7 /* pitch-perfect.app */;
			productType = "com.apple.product-type.application";
		};
		04686FDA26D58C05004C0CF7 /* pitch-perfectTests */ = {
			isa = PBXNativeTarget;
			buildConfigurationList = 04686FF226D58C06004C0CF7 /* Build configuration list for PBXNativeTarget "pitch-perfectTests" */;
			buildPhases = (
				04686FD726D58C05004C0CF7 /* Sources */,
				04686FD826D58C05004C0CF7 /* Frameworks */,
				04686FD926D58C05004C0CF7 /* Resources */,
			);
			buildRules = (
			);
			dependencies = (
				04686FDD26D58C05004C0CF7 /* PBXTargetDependency */,
			);
			name = "pitch-perfectTests";
			productName = "pitch-perfectTests";
			productReference = 04686FDB26D58C05004C0CF7 /* pitch-perfectTests.xctest */;
			productType = "com.apple.product-type.bundle.unit-test";
		};
		04686FE526D58C06004C0CF7 /* pitch-perfectUITests */ = {
			isa = PBXNativeTarget;
			buildConfigurationList = 04686FF526D58C06004C0CF7 /* Build configuration list for PBXNativeTarget "pitch-perfectUITests" */;
			buildPhases = (
				04686FE226D58C06004C0CF7 /* Sources */,
				04686FE326D58C06004C0CF7 /* Frameworks */,
				04686FE426D58C06004C0CF7 /* Resources */,
			);
			buildRules = (
			);
			dependencies = (
				04686FE826D58C06004C0CF7 /* PBXTargetDependency */,
			);
			name = "pitch-perfectUITests";
			productName = "pitch-perfectUITests";
			productReference = 04686FE626D58C06004C0CF7 /* pitch-perfectUITests.xctest */;
			productType = "com.apple.product-type.bundle.ui-testing";
		};
/* End PBXNativeTarget section */

/* Begin PBXProject section */
		04686FBD26D58C04004C0CF7 /* Project object */ = {
			isa = PBXProject;
			attributes = {
				LastSwiftUpdateCheck = 1250;
				LastUpgradeCheck = 1250;
				TargetAttributes = {
					04686FC426D58C05004C0CF7 = {
						CreatedOnToolsVersion = 12.5.1;
					};
					04686FDA26D58C05004C0CF7 = {
						CreatedOnToolsVersion = 12.5.1;
						TestTargetID = 04686FC426D58C05004C0CF7;
					};
					04686FE526D58C06004C0CF7 = {
						CreatedOnToolsVersion = 12.5.1;
						TestTargetID = 04686FC426D58C05004C0CF7;
					};
				};
			};
			buildConfigurationList = 04686FC026D58C04004C0CF7 /* Build configuration list for PBXProject "pitch-perfect" */;
			compatibilityVersion = "Xcode 9.3";
			developmentRegion = en;
			hasScannedForEncodings = 0;
			knownRegions = (
				en,
				Base,
			);
			mainGroup = 04686FBC26D58C04004C0CF7;
			productRefGroup = 04686FC626D58C05004C0CF7 /* Products */;
			projectDirPath = "";
			projectRoot = "";
			targets = (
				04686FC426D58C05004C0CF7 /* pitch-perfect */,
				04686FDA26D58C05004C0CF7 /* pitch-perfectTests */,
				04686FE526D58C06004C0CF7 /* pitch-perfectUITests */,
			);
		};
/* End PBXProject section */

/* Begin PBXResourcesBuildPhase section */
		04686FC326D58C05004C0CF7 /* Resources */ = {
			isa = PBXResourcesBuildPhase;
			buildActionMask = 2147483647;
			files = (
				04686FD526D58C05004C0CF7 /* LaunchScreen.storyboard in Resources */,
				04686FD226D58C05004C0CF7 /* Assets.xcassets in Resources */,
				04686FD026D58C05004C0CF7 /* Main.storyboard in Resources */,
			);
			runOnlyForDeploymentPostprocessing = 0;
		};
		04686FD926D58C05004C0CF7 /* Resources */ = {
			isa = PBXResourcesBuildPhase;
			buildActionMask = 2147483647;
			files = (
			);
			runOnlyForDeploymentPostprocessing = 0;
		};
		04686FE426D58C06004C0CF7 /* Resources */ = {
			isa = PBXResourcesBuildPhase;
			buildActionMask = 2147483647;
			files = (
			);
			runOnlyForDeploymentPostprocessing = 0;
		};
/* End PBXResourcesBuildPhase section */

/* Begin PBXSourcesBuildPhase section */
		04686FC126D58C05004C0CF7 /* Sources */ = {
			isa = PBXSourcesBuildPhase;
			buildActionMask = 2147483647;
			files = (
				04686FFA26D58C83004C0CF7 /* SoundRecorderVC.swift in Sources */,
				04686FC926D58C05004C0CF7 /* AppDelegate.swift in Sources */,
				04686FCB26D58C05004C0CF7 /* SceneDelegate.swift in Sources */,
			);
			runOnlyForDeploymentPostprocessing = 0;
		};
		04686FD726D58C05004C0CF7 /* Sources */ = {
			isa = PBXSourcesBuildPhase;
			buildActionMask = 2147483647;
			files = (
				04686FE026D58C06004C0CF7 /* pitch_perfectTests.swift in Sources */,
			);
			runOnlyForDeploymentPostprocessing = 0;
		};
		04686FE226D58C06004C0CF7 /* Sources */ = {
			isa = PBXSourcesBuildPhase;
			buildActionMask = 2147483647;
			files = (
				04686FEB26D58C06004C0CF7 /* pitch_perfectUITests.swift in Sources */,
			);
			runOnlyForDeploymentPostprocessing = 0;
		};
/* End PBXSourcesBuildPhase section */

/* Begin PBXTargetDependency section */
		04686FDD26D58C05004C0CF7 /* PBXTargetDependency */ = {
			isa = PBXTargetDependency;
			target = 04686FC426D58C05004C0CF7 /* pitch-perfect */;
			targetProxy = 04686FDC26D58C05004C0CF7 /* PBXContainerItemProxy */;
		};
		04686FE826D58C06004C0CF7 /* PBXTargetDependency */ = {
			isa = PBXTargetDependency;
			target = 04686FC426D58C05004C0CF7 /* pitch-perfect */;
			targetProxy = 04686FE726D58C06004C0CF7 /* PBXContainerItemProxy */;
		};
/* End PBXTargetDependency section */

/* Begin PBXVariantGroup section */
		04686FCE26D58C05004C0CF7 /* Main.storyboard */ = {
			isa = PBXVariantGroup;
			children = (
				04686FCF26D58C05004C0CF7 /* Base */,
			);
			name = Main.storyboard;
			sourceTree = "<group>";
		};
		04686FD326D58C05004C0CF7 /* LaunchScreen.storyboard */ = {
			isa = PBXVariantGroup;
			children = (
				04686FD426D58C05004C0CF7 /* Base */,
			);
			name = LaunchScreen.storyboard;
			sourceTree = "<group>";
		};
/* End PBXVariantGroup section */

/* Begin XCBuildConfiguration section */
		04686FED26D58C06004C0CF7 /* Debug */ = {
			isa = XCBuildConfiguration;
			buildSettings = {
				ALWAYS_SEARCH_USER_PATHS = NO;
				CLANG_ANALYZER_NONNULL = YES;
				CLANG_ANALYZER_NUMBER_OBJECT_CONVERSION = YES_AGGRESSIVE;
				CLANG_CXX_LANGUAGE_STANDARD = "gnu++14";
				CLANG_CXX_LIBRARY = "libc++";
				CLANG_ENABLE_MODULES = YES;
				CLANG_ENABLE_OBJC_ARC = YES;
				CLANG_ENABLE_OBJC_WEAK = YES;
				CLANG_WARN_BLOCK_CAPTURE_AUTORELEASING = YES;
				CLANG_WARN_BOOL_CONVERSION = YES;
				CLANG_WARN_COMMA = YES;
				CLANG_WARN_CONSTANT_CONVERSION = YES;
				CLANG_WARN_DEPRECATED_OBJC_IMPLEMENTATIONS = YES;
				CLANG_WARN_DIRECT_OBJC_ISA_USAGE = YES_ERROR;
				CLANG_WARN_DOCUMENTATION_COMMENTS = YES;
				CLANG_WARN_EMPTY_BODY = YES;
				CLANG_WARN_ENUM_CONVERSION = YES;
				CLANG_WARN_INFINITE_RECURSION = YES;
				CLANG_WARN_INT_CONVERSION = YES;
				CLANG_WARN_NON_LITERAL_NULL_CONVERSION = YES;
				CLANG_WARN_OBJC_IMPLICIT_RETAIN_SELF = YES;
				CLANG_WARN_OBJC_LITERAL_CONVERSION = YES;
				CLANG_WARN_OBJC_ROOT_CLASS = YES_ERROR;
				CLANG_WARN_QUOTED_INCLUDE_IN_FRAMEWORK_HEADER = YES;
				CLANG_WARN_RANGE_LOOP_ANALYSIS = YES;
				CLANG_WARN_STRICT_PROTOTYPES = YES;
				CLANG_WARN_SUSPICIOUS_MOVE = YES;
				CLANG_WARN_UNGUARDED_AVAILABILITY = YES_AGGRESSIVE;
				CLANG_WARN_UNREACHABLE_CODE = YES;
				CLANG_WARN__DUPLICATE_METHOD_MATCH = YES;
				COPY_PHASE_STRIP = NO;
				DEBUG_INFORMATION_FORMAT = dwarf;
				ENABLE_STRICT_OBJC_MSGSEND = YES;
				ENABLE_TESTABILITY = YES;
				GCC_C_LANGUAGE_STANDARD = gnu11;
				GCC_DYNAMIC_NO_PIC = NO;
				GCC_NO_COMMON_BLOCKS = YES;
				GCC_OPTIMIZATION_LEVEL = 0;
				GCC_PREPROCESSOR_DEFINITIONS = (
					"DEBUG=1",
					"$(inherited)",
				);
				GCC_WARN_64_TO_32_BIT_CONVERSION = YES;
				GCC_WARN_ABOUT_RETURN_TYPE = YES_ERROR;
				GCC_WARN_UNDECLARED_SELECTOR = YES;
				GCC_WARN_UNINITIALIZED_AUTOS = YES_AGGRESSIVE;
				GCC_WARN_UNUSED_FUNCTION = YES;
				GCC_WARN_UNUSED_VARIABLE = YES;
				IPHONEOS_DEPLOYMENT_TARGET = 14.5;
				MTL_ENABLE_DEBUG_INFO = INCLUDE_SOURCE;
				MTL_FAST_MATH = YES;
				ONLY_ACTIVE_ARCH = YES;
				SDKROOT = iphoneos;
				SWIFT_ACTIVE_COMPILATION_CONDITIONS = DEBUG;
				SWIFT_OPTIMIZATION_LEVEL = "-Onone";
			};
			name = Debug;
		};
		04686FEE26D58C06004C0CF7 /* Release */ = {
			isa = XCBuildConfiguration;
			buildSettings = {
				ALWAYS_SEARCH_USER_PATHS = NO;
				CLANG_ANALYZER_NONNULL = YES;
				CLANG_ANALYZER_NUMBER_OBJECT_CONVERSION = YES_AGGRESSIVE;
				CLANG_CXX_LANGUAGE_STANDARD = "gnu++14";
				CLANG_CXX_LIBRARY = "libc++";
				CLANG_ENABLE_MODULES = YES;
				CLANG_ENABLE_OBJC_ARC = YES;
				CLANG_ENABLE_OBJC_WEAK = YES;
				CLANG_WARN_BLOCK_CAPTURE_AUTORELEASING = YES;
				CLANG_WARN_BOOL_CONVERSION = YES;
				CLANG_WARN_COMMA = YES;
				CLANG_WARN_CONSTANT_CONVERSION = YES;
				CLANG_WARN_DEPRECATED_OBJC_IMPLEMENTATIONS = YES;
				CLANG_WARN_DIRECT_OBJC_ISA_USAGE = YES_ERROR;
				CLANG_WARN_DOCUMENTATION_COMMENTS = YES;
				CLANG_WARN_EMPTY_BODY = YES;
				CLANG_WARN_ENUM_CONVERSION = YES;
				CLANG_WARN_INFINITE_RECURSION = YES;
				CLANG_WARN_INT_CONVERSION = YES;
				CLANG_WARN_NON_LITERAL_NULL_CONVERSION = YES;
				CLANG_WARN_OBJC_IMPLICIT_RETAIN_SELF = YES;
				CLANG_WARN_OBJC_LITERAL_CONVERSION = YES;
				CLANG_WARN_OBJC_ROOT_CLASS = YES_ERROR;
				CLANG_WARN_QUOTED_INCLUDE_IN_FRAMEWORK_HEADER = YES;
				CLANG_WARN_RANGE_LOOP_ANALYSIS = YES;
				CLANG_WARN_STRICT_PROTOTYPES = YES;
				CLANG_WARN_SUSPICIOUS_MOVE = YES;
				CLANG_WARN_UNGUARDED_AVAILABILITY = YES_AGGRESSIVE;
				CLANG_WARN_UNREACHABLE_CODE = YES;
				CLANG_WARN__DUPLICATE_METHOD_MATCH = YES;
				COPY_PHASE_STRIP = NO;
				DEBUG_INFORMATION_FORMAT = "dwarf-with-dsym";
				ENABLE_NS_ASSERTIONS = NO;
				ENABLE_STRICT_OBJC_MSGSEND = YES;
				GCC_C_LANGUAGE_STANDARD = gnu11;
				GCC_NO_COMMON_BLOCKS = YES;
				GCC_WARN_64_TO_32_BIT_CONVERSION = YES;
				GCC_WARN_ABOUT_RETURN_TYPE = YES_ERROR;
				GCC_WARN_UNDECLARED_SELECTOR = YES;
				GCC_WARN_UNINITIALIZED_AUTOS = YES_AGGRESSIVE;
				GCC_WARN_UNUSED_FUNCTION = YES;
				GCC_WARN_UNUSED_VARIABLE = YES;
				IPHONEOS_DEPLOYMENT_TARGET = 14.5;
				MTL_ENABLE_DEBUG_INFO = NO;
				MTL_FAST_MATH = YES;
				SDKROOT = iphoneos;
				SWIFT_COMPILATION_MODE = wholemodule;
				SWIFT_OPTIMIZATION_LEVEL = "-O";
				VALIDATE_PRODUCT = YES;
			};
			name = Release;
		};
		04686FF026D58C06004C0CF7 /* Debug */ = {
			isa = XCBuildConfiguration;
			buildSettings = {
				ASSETCATALOG_COMPILER_APPICON_NAME = AppIcon;
				ASSETCATALOG_COMPILER_GLOBAL_ACCENT_COLOR_NAME = AccentColor;
				CODE_SIGN_STYLE = Automatic;
				DEVELOPMENT_TEAM = F6T7UP263V;
				INFOPLIST_FILE = "pitch-perfect/Info.plist";
				LD_RUNPATH_SEARCH_PATHS = (
					"$(inherited)",
					"@executable_path/Frameworks",
				);
				PRODUCT_BUNDLE_IDENTIFIER = "com.jaison.pitch-perfect";
				PRODUCT_NAME = "$(TARGET_NAME)";
				SWIFT_VERSION = 5.0;
				TARGETED_DEVICE_FAMILY = "1,2";
			};
			name = Debug;
		};
		04686FF126D58C06004C0CF7 /* Release */ = {
			isa = XCBuildConfiguration;
			buildSettings = {
				ASSETCATALOG_COMPILER_APPICON_NAME = AppIcon;
				ASSETCATALOG_COMPILER_GLOBAL_ACCENT_COLOR_NAME = AccentColor;
				CODE_SIGN_STYLE = Automatic;
				DEVELOPMENT_TEAM = F6T7UP263V;
				INFOPLIST_FILE = "pitch-perfect/Info.plist";
				LD_RUNPATH_SEARCH_PATHS = (
					"$(inherited)",
					"@executable_path/Frameworks",
				);
				PRODUCT_BUNDLE_IDENTIFIER = "com.jaison.pitch-perfect";
				PRODUCT_NAME = "$(TARGET_NAME)";
				SWIFT_VERSION = 5.0;
				TARGETED_DEVICE_FAMILY = "1,2";
			};
			name = Release;
		};
		04686FF326D58C06004C0CF7 /* Debug */ = {
			isa = XCBuildConfiguration;
			buildSettings = {
				ALWAYS_EMBED_SWIFT_STANDARD_LIBRARIES = YES;
				BUNDLE_LOADER = "$(TEST_HOST)";
				CODE_SIGN_STYLE = Automatic;
				DEVELOPMENT_TEAM = F6T7UP263V;
				INFOPLIST_FILE = "pitch-perfectTests/Info.plist";
				IPHONEOS_DEPLOYMENT_TARGET = 14.5;
				LD_RUNPATH_SEARCH_PATHS = (
					"$(inherited)",
					"@executable_path/Frameworks",
					"@loader_path/Frameworks",
				);
				PRODUCT_BUNDLE_IDENTIFIER = "com.jaison.pitch-perfectTests";
				PRODUCT_NAME = "$(TARGET_NAME)";
				SWIFT_VERSION = 5.0;
				TARGETED_DEVICE_FAMILY = "1,2";
				TEST_HOST = "$(BUILT_PRODUCTS_DIR)/pitch-perfect.app/pitch-perfect";
			};
			name = Debug;
		};
		04686FF426D58C06004C0CF7 /* Release */ = {
			isa = XCBuildConfiguration;
			buildSettings = {
				ALWAYS_EMBED_SWIFT_STANDARD_LIBRARIES = YES;
				BUNDLE_LOADER = "$(TEST_HOST)";
				CODE_SIGN_STYLE = Automatic;
				DEVELOPMENT_TEAM = F6T7UP263V;
				INFOPLIST_FILE = "pitch-perfectTests/Info.plist";
				IPHONEOS_DEPLOYMENT_TARGET = 14.5;
				LD_RUNPATH_SEARCH_PATHS = (
					"$(inherited)",
					"@executable_path/Frameworks",
					"@loader_path/Frameworks",
				);
				PRODUCT_BUNDLE_IDENTIFIER = "com.jaison.pitch-perfectTests";
				PRODUCT_NAME = "$(TARGET_NAME)";
				SWIFT_VERSION = 5.0;
				TARGETED_DEVICE_FAMILY = "1,2";
				TEST_HOST = "$(BUILT_PRODUCTS_DIR)/pitch-perfect.app/pitch-perfect";
			};
			name = Release;
		};
		04686FF626D58C06004C0CF7 /* Debug */ = {
			isa = XCBuildConfiguration;
			buildSettings = {
				ALWAYS_EMBED_SWIFT_STANDARD_LIBRARIES = YES;
				CODE_SIGN_STYLE = Automatic;
				DEVELOPMENT_TEAM = F6T7UP263V;
				INFOPLIST_FILE = "pitch-perfectUITests/Info.plist";
				LD_RUNPATH_SEARCH_PATHS = (
					"$(inherited)",
					"@executable_path/Frameworks",
					"@loader_path/Frameworks",
				);
				PRODUCT_BUNDLE_IDENTIFIER = "com.jaison.pitch-perfectUITests";
				PRODUCT_NAME = "$(TARGET_NAME)";
				SWIFT_VERSION = 5.0;
				TARGETED_DEVICE_FAMILY = "1,2";
				TEST_TARGET_NAME = "pitch-perfect";
			};
			name = Debug;
		};
		04686FF726D58C06004C0CF7 /* Release */ = {
			isa = XCBuildConfiguration;
			buildSettings = {
				ALWAYS_EMBED_SWIFT_STANDARD_LIBRARIES = YES;
				CODE_SIGN_STYLE = Automatic;
				DEVELOPMENT_TEAM = F6T7UP263V;
				INFOPLIST_FILE = "pitch-perfectUITests/Info.plist";
				LD_RUNPATH_SEARCH_PATHS = (
					"$(inherited)",
					"@executable_path/Frameworks",
					"@loader_path/Frameworks",
				);
				PRODUCT_BUNDLE_IDENTIFIER = "com.jaison.pitch-perfectUITests";
				PRODUCT_NAME = "$(TARGET_NAME)";
				SWIFT_VERSION = 5.0;
				TARGETED_DEVICE_FAMILY = "1,2";
				TEST_TARGET_NAME = "pitch-perfect";
			};
			name = Release;
		};
/* End XCBuildConfiguration section */

/* Begin XCConfigurationList section */
		04686FC026D58C04004C0CF7 /* Build configuration list for PBXProject "pitch-perfect" */ = {
			isa = XCConfigurationList;
			buildConfigurations = (
				04686FED26D58C06004C0CF7 /* Debug */,
				04686FEE26D58C06004C0CF7 /* Release */,
			);
			defaultConfigurationIsVisible = 0;
			defaultConfigurationName = Release;
		};
		04686FEF26D58C06004C0CF7 /* Build configuration list for PBXNativeTarget "pitch-perfect" */ = {
			isa = XCConfigurationList;
			buildConfigurations = (
				04686FF026D58C06004C0CF7 /* Debug */,
				04686FF126D58C06004C0CF7 /* Release */,
			);
			defaultConfigurationIsVisible = 0;
			defaultConfigurationName = Release;
		};
		04686FF226D58C06004C0CF7 /* Build configuration list for PBXNativeTarget "pitch-perfectTests" */ = {
			isa = XCConfigurationList;
			buildConfigurations = (
				04686FF326D58C06004C0CF7 /* Debug */,
				04686FF426D58C06004C0CF7 /* Release */,
			);
			defaultConfigurationIsVisible = 0;
			defaultConfigurationName = Release;
		};
		04686FF526D58C06004C0CF7 /* Build configuration list for PBXNativeTarget "pitch-perfectUITests" */ = {
			isa = XCConfigurationList;
			buildConfigurations = (
				04686FF626D58C06004C0CF7 /* Debug */,
				04686FF726D58C06004C0CF7 /* Release */,
			);
			defaultConfigurationIsVisible = 0;
			defaultConfigurationName = Release;
		};
/* End XCConfigurationList section */
	};
	rootObject = 04686FBD26D58C04004C0CF7 /* Project object */;
}
